{
  "version": 4,
  "terraform_version": "1.16.2",
  "serial": 7,
  "lineage": "09cf2cd9-f6ac-e433-ab23-29894a83a2f9",
  "outputs": {},
  "resources": [
    {
      "mode": "managed",
      "type": "local_file",
      "name": "test",
      "provider": "provider[\"registry.terraform.io/hashicorp/local\"]",
      "instances": [
        {
          "schema_version": 0,
          "attributes": {
            "content": "first session 09/16",
            "content_base64": null,
            "content_base64sha256": "gJwe9J07pLPieqSdJNwAHi3n5qSCzqJCSW2KNI3swxk=",
            "content_base64sha512": "a0ijXWGR1VTXwZiZarhT1zY2Q0I1y9aR2p6Srh7BNAkmLfmftF1tobQ9CSph0IxwUrxVWaai6QQ5RDujgISsUA==",
            "content_md5": "e16f62c4c59c09244f11b1bfac61d33b",
            "content_sha1": "2911108f8640c9f5a6128b0c69d0ab1f785be5ed",
            "content_sha256": "809c1ef49d3ba4b3e27aa49d24dc001e2de7e6a482cea242496d8a348decc319",
            "content_sha512": "6b48a35d6191d554d7c198996ab853d73636434235cbd691da9e92ae1ec13409262df99fb45d6da1b43d092a61d08c7052bc5559a6a2e90439443ba38084ac50",
            "directory_permission": "0777",
            "file_permission": "0775",
            "filename": "test.txt",
            "id": "2911108f8640c9f5a6128b0c69d0ab1f785be5ed",
            "sensitive_content": null,
            "source": null
          },
          "sensitive_attributes": [
            [
              {
                "type": "get_attr",
                "value": "sensitive_content"
              }
            ]
          ],
          "identity_schema_version": 0
        }
      ]
    }
  ],
  "check_results": null
}
